github.com/gergovari/varigergo-shared v0.0.0-20230508130749-39eab432db48 h1:P4c8hYjn6kd9kmbwA6LR6nzrEHv18xO2TZNfyNnkqho=
github.com/gergovari/varigergo-shared v0.0.0-20230508130749-39eab432db48/go.mod h1:zwYykESSFMZjvTJ9FF6XjWag63Vx1vYUOKYTFuapDq4=
github.com/vyberd/animation v0.0.0-20230508074719-6039ef50f748 h1:BbmC+Gtvkdf48HPmLfZwYOUTylpxwq9sQAvZ3LhEEPo=
github.com/vyberd/animation v0.0.0-20230508074719-6039ef50f748/go.mod h1:qAS+FerjvdbAVYxJf3ABbBdX5jjnILVclfBwxJC4UmA=
github.com/vyberd/animation v0.0.0-20230508132901-479aeb059716 h1:FJp0ahY9tDvRFzbfJVpzc582T1AqWvSSHI1WPsXMiuM=
github.com/vyberd/animation v0.0.0-20230508132901-479aeb059716/go.mod h1:zbuZg2ua2PMmbn9YOzCpbAlVwIGk1Ru+v9DteRMgUuk=
github.com/vyberd/base v0.0.0-20230508072822-681152e4787f h1:UE7Cty4vEVlU9wJj1mW8RYX7k7UA8RT/8AzDkEwaGkM=
github.com/vyberd/base v0.0.0-20230508072822-681152e4787f/go.mod h1:K3PO96Ici2uAPuB2T2LNYWTJ9PGt3YAWC+tm7RppKTI=
github.com/vyberd/base v0.0.0-20230508133003-1ce6df12ab1d h1:3S6zsXMmk+3rpwq3YwKSMTQXZHhk5fyEDddGdaBXf08=
github.com/vyberd/base v0.0.0-20230508133003-1ce6df12ab1d/go.mod h1:2vt/cIsWLjkf8lg5DuHFvPfOWghPfMoVDgSUKcGLaMc=
github.com/vyberd/base v0.0.0-20230508142947-3df1ad9e09d4 h1:p9w4xSYXtr0fTxiPTsrl6O4g8H6l3KVSOEzsseq2rTI=
github.com/vyberd/base v0.0.0-20230508142947-3df1ad9e09d4/go.mod h1:2vt/cIsWLjkf8lg5DuHFvPfOWghPfMoVDgSUKcGLaMc=
github.com/vyberd/base v0.0.0-20230513051601-9b4bf39814fd h1:fRAkocj54xY36XYeWQ6ragvur3PWknPNPPzdGyRvqJ0=
github.com/vyberd/base v0.0.0-20230513051601-9b4bf39814fd/go.mod h1:Ppv03xnOQW9Kh4Uh//VC7i3MfTu1bRlnx2Ng5U+1HwQ=
github.com/vyberd/base v0.0.0-20230513053638-de7cd17be5ee h1:3N07FF0sJFw9/d6G7k+W1awEaFBOk33/9oV5/7bQxyI=
github.com/vyberd/base v0.0.0-20230513053638-de7cd17be5ee/go.mod h1:EWVMrnECY+QBI2Dlrz/0OVxNKg+xyhp5LYy3l8CZcbo=
github.com/vyberd/base v0.0.0-20230513063954-bca7e1f14057 h1:pVDx4g5f+t96FVNThRjyMAM13PdHpIZTrjdaBgsd/kY=
github.com/vyberd/base v0.0.0-20230513063954-bca7e1f14057/go.mod h1:DyNI4BUbR9D4fwiLtlWVzRCyzRboABZ0uNYcfh0RLrc=
github.com/vyberd/checkout v0.0.0-20230508130039-b4ebabb00dbb h1:Pm3I6lBtZV6CjudmQ9WkgPFQTYJy3veVklxKXJ6mbWg=
github.com/vyberd/checkout v0.0.0-20230508130039-b4ebabb00dbb/go.mod h1:ypR4JwLdHVxtDwKp43df1ciVim/lNaJFb+lbuSiUprU=
github.com/vyberd/checkout v0.0.0-20230508132916-6da89e795ef4 h1:XWnuFO6b31hZJ8vJ89dZakHf4CoQEGqHOrXJMKoHnkY=
github.com/vyberd/checkout v0.0.0-20230508132916-6da89e795ef4/go.mod h1:Z76E56A8vjI5f+EPpF9FBBP2chnz6nTykCXKpeIRf1Y=
github.com/vyberd/funnels v0.0.0-20230508130042-d6a16a201ae5 h1:NdLeZD0zKDNnj46HT+72nT1zf3w7s6k9jzA9AMBGP/E=
github.com/vyberd/funnels v0.0.0-20230508130042-d6a16a201ae5/go.mod h1:Jd4xtI3LHQ4tazPHMIc2BtTs8kxIJUVtZOvSPS17GS8=
github.com/vyberd/funnels v0.0.0-20230508133039-9479a440a2b1 h1:cGhWn202u9g9ED834a6zhtn6zupNrWyft6RX32HcmJk=
github.com/vyberd/funnels v0.0.0-20230508133039-9479a440a2b1/go.mod h1:2ofF4OoN58i5kxx0QopJly7dYwOXH6HlRt2LM/IByLA=
github.com/vyberd/funnels v0.0.0-20230513051716-242f98b8e5ba h1:rs75ElxRK9v0h8B6u91vSu4+XlGskJPNoTOHeKz+41E=
github.com/vyberd/funnels v0.0.0-20230513051716-242f98b8e5ba/go.mod h1:klHO7uTcsXNUtS2T0Qnj++qxvZ7MpE5P9RN/Bvjmf6I=
github.com/vyberd/funnels v0.0.0-20230513064030-bb8a13eaee5d h1:yxzAFW7D5Xy6h0YIMhbGHI8mXklaAi9IXfm0igm+LtQ=
github.com/vyberd/funnels v0.0.0-20230513064030-bb8a13eaee5d/go.mod h1:zxQ1C9RqtARzl+7m1Lz/aAQTOArKy52rY2OBy7ZUuWE=
github.com/vyberd/funnels v0.0.0-20230513064731-66bd30e2dbb9 h1:6g+g99eFjBRg0gNvN/wZy+BImYw0+y3x9w+hBVSjmsg=
github.com/vyberd/funnels v0.0.0-20230513064731-66bd30e2dbb9/go.mod h1:MRwQO1P/bp2gstWi1sELBBGNdlFPIer0/SncQDmR8ko=
github.com/vyberd/gallery v0.0.0-20230508073036-2a1d170d19f1 h1:8zx3jyY5tQGahX5VwnXPERLG0UhlpofRfSwt67qNmPU=
github.com/vyberd/gallery v0.0.0-20230508073036-2a1d170d19f1/go.mod h1:U+J4argr9mKrKPlIf/tRxTkJnduugLCX2ba/bpH4xXg=
github.com/vyberd/input v0.0.0-20230508075532-884ab0fba564 h1:RugBGnYrpR1pytAbOUZ1wCy9IZNUnpt3r3ZHQ5DkSzU=
github.com/vyberd/input v0.0.0-20230508075532-884ab0fba564/go.mod h1:8B2c82nA85VVB4hm5t5eSThKVDSnDtMy0fy+fkmdk3M=
github.com/vyberd/input v0.0.0-20230508133017-87685c9124ad h1:MViWjWzCjSMSunCpqSgcqJC9E2PaswZpwOYdWiAiSKg=
github.com/vyberd/input v0.0.0-20230508133017-87685c9124ad/go.mod h1:W5XuaQoudaMhezkfHsaNdzGKkxrpw7SsOJvQYUTW7DU=
github.com/vyberd/input v0.0.0-20230513051610-1ad0a1ebb294 h1:4UTrYMIbq/2u6z15GiozlGxAGjd12a7i2UFwGzWUAwE=
github.com/vyberd/input v0.0.0-20230513051610-1ad0a1ebb294/go.mod h1:W5XuaQoudaMhezkfHsaNdzGKkxrpw7SsOJvQYUTW7DU=
github.com/vyberd/input v0.0.0-20230513063913-fda580e86be9 h1:714MVF2yubKBLsqQOCHxfklFQ8R2kOijd/UoDhOjjeg=
github.com/vyberd/input v0.0.0-20230513063913-fda580e86be9/go.mod h1:W5XuaQoudaMhezkfHsaNdzGKkxrpw7SsOJvQYUTW7DU=
github.com/vyberd/input v0.0.0-20230513064707-7de2959a1117/go.mod h1:W5XuaQoudaMhezkfHsaNdzGKkxrpw7SsOJvQYUTW7DU=
github.com/vyberd/navbar v0.0.0-20230508074240-fd07f4bc39bb h1:e10jVQ0x58eh3hYnDuuwgvlosLAPr+YmzMvciVVoHKw=
github.com/vyberd/navbar v0.0.0-20230508074240-fd07f4bc39bb/go.mod h1:rkjD79Mr+wjMZQHTAs72w1FjgIcU1Rfw15sL/rB/3ME=
github.com/vyberd/navbar v0.0.0-20230508133021-b2159fa4beba h1:bNN2mEQsX6hvLTdAEJDqpsuRvaOrMNATJEGTabuYDNQ=
github.com/vyberd/navbar v0.0.0-20230508133021-b2159fa4beba/go.mod h1:775W0Vi6zPXBp60LULlYMbdijvhr1GsUJRnHNYsML9c=
github.com/vyberd/navbar v0.0.0-20230509072641-ee2dda386a72 h1:xbdArJnADwZGVZKaY8TVbt0Ml59AVLBIv2F3w82hlfE=
github.com/vyberd/navbar v0.0.0-20230509072641-ee2dda386a72/go.mod h1:775W0Vi6zPXBp60LULlYMbdijvhr1GsUJRnHNYsML9c=
github.com/vyberd/popup v0.0.0-20230508130058-b7c0b9a45bbe h1:0ZloQSwneUwmCVxLpBstXcxEJLrVo7kPO4Qulu984Ck=
github.com/vyberd/popup v0.0.0-20230508130058-b7c0b9a45bbe/go.mod h1:6wLIwcxxsrBHIg+VUVR3rE0Z/1LLl7ZTB/rX60GP4R8=
github.com/vyberd/popup v0.0.0-20230513063917-d989287df810 h1:jA6Yg+RX5JiopBz7/DmErobwvmG5/NMaE5uEsaD3JMI=
github.com/vyberd/popup v0.0.0-20230513063917-d989287df810/go.mod h1:q2Rg13Y0oogk6tJAHjF1OLLbPk+8rfMxkmQHyo/uZik=
github.com/vyberd/questionnaires v0.0.0-20230508130101-e47647ae84a8 h1:X0dPq5hEBai9RvoJFAizECRMZelC7ACWH2y3Z6+TqcM=
github.com/vyberd/questionnaires v0.0.0-20230508130101-e47647ae84a8/go.mod h1:St0xkyw/Z0tvJDG9X212Lc1RGoG7g2Qf3TOVbKqZ2Lk=
github.com/vyberd/questionnaires v0.0.0-20230508133031-013a14a6c7f3 h1:naYHsufmltELqwkzTcSF6AlCWfjUk3HYU6O5THXk8wM=
github.com/vyberd/questionnaires v0.0.0-20230508133031-013a14a6c7f3/go.mod h1:aNJdWLl16pm6tHBjqYnDzy73akXZyCp5ui0Tw48I4Mw=
github.com/vyberd/questionnaires v0.0.0-20230513051656-5ef68cd5ed14 h1:Z+MnWpAUmQ4HcUhS36zIlHki4l7eTpPwjjTO+RnnZ9w=
github.com/vyberd/questionnaires v0.0.0-20230513051656-5ef68cd5ed14/go.mod h1:3Ym6Wt9opQvowQXdmj+FzLCobQ06WHwzgVM2CamMC/w=
github.com/vyberd/questionnaires v0.0.0-20230513064012-ac48d698e182 h1:/GPJFFExDiDw226mle6m9Veu5A69a6bUYznxIpFjjI4=
github.com/vyberd/questionnaires v0.0.0-20230513064012-ac48d698e182/go.mod h1:D2HRZScfA6ymr4CPwr8W+ewwVAFEvIwRdvyj5kqb5/g=
github.com/vyberd/questionnaires v0.0.0-20230513064715-beb27534b482 h1:kAGFcVth3Y5ubWslr5VGAX51vLNrQZieiiazEJzEBnw=
github.com/vyberd/questionnaires v0.0.0-20230513064715-beb27534b482/go.mod h1:PecdiJrVRXaUm8TTCETBfk/1UrhY5uc+sUGpLhz7e2A=
github.com/vyberd/stylesheet v0.0.0-20230508130157-e93394cab397 h1:uUQKe8f5aRRuYMI32jpOvBQ70Dro4mL5mjxN6dNb8Pc=
github.com/vyberd/stylesheet v0.0.0-20230508130157-e93394cab397/go.mod h1:jrD+CjwvTp7At11ZXIyv0fWTaVy9V/RLLwUui5n0KEI=
github.com/vyberd/stylesheet v0.0.0-20230508132951-d62b845355ed h1:LO6wO57O4M8mahqwkQcbJlDFR+V9nftTtX9dpUFqlcc=
github.com/vyberd/stylesheet v0.0.0-20230508132951-d62b845355ed/go.mod h1:RPgxnbH2FhJj5QUwQGAhnZxpp/zCbVUUrWUJ2G3bNwg=
github.com/vyberd/tracking v0.0.0-20230508130105-ece0113fc868 h1:9AEnxWd4hXsDVw/G+FqzrgIzSvQBWbEY4kLNn4QUgtQ=
github.com/vyberd/tracking v0.0.0-20230508130105-ece0113fc868/go.mod h1:V30JnK2k7PC95BK7Fw69LmSUPCnAqbpGkAfv8ajG6as=
github.com/vyberd/tracking v0.0.0-20230508142508-df817e537ed9 h1:dexFuY3rG1ngs3qtp/3IJImFkdzY1Zfi4KsyB4MaC2k=
github.com/vyberd/tracking v0.0.0-20230508142508-df817e537ed9/go.mod h1:FEGIYUlkQtmWlRvBOHufAY5k/keLMfXSGCBoH17vTZs=
github.com/vyberd/tracking v0.0.0-20230513053629-658bc25b0854 h1:F/G04G6A9jxdFnTCp9MVClAUkr43K1vVUAmedYSjp/c=
github.com/vyberd/tracking v0.0.0-20230513053629-658bc25b0854/go.mod h1:FEGIYUlkQtmWlRvBOHufAY5k/keLMfXSGCBoH17vTZs=
github.com/vyberd/tracking v0.0.0-20230513063924-2de497d3c4c8 h1:qqvEtmey61IdFH6VSxErveZ9808i10zae/dTvMfRJNc=
github.com/vyberd/tracking v0.0.0-20230513063924-2de497d3c4c8/go.mod h1:FVmWQVYPZRQJXsZCajDNzQxQurE2y1jYUhaSacvI9PM=
github.com/vyberd/vyberpunk v0.0.0-20230508132003-ce377dcb5c42 h1:JkJQSiqPAjBkORUsKL1hd69nnDOH4GVbAeENsyNscYs=
github.com/vyberd/vyberpunk v0.0.0-20230508132003-ce377dcb5c42/go.mod h1:LpwNohclLMT11zkOaEL3liR8eBK8t9ZJJiMHMcSc25I=
github.com/vyberd/vyberpunk v0.0.0-20230508133105-986f8b360402 h1:E+2RqHl2Wdc3SDCapogRugiHmD2v+e/kJWuOLtqxZgI=
github.com/vyberd/vyberpunk v0.0.0-20230508133105-986f8b360402/go.mod h1:on1g1GUxqihl4FN2VriJMpnnu7WzRGcO4csLc9KX9zs=
github.com/vyberd/vyberpunk v0.0.0-20230508143025-c09acbe98718 h1:st+bWIvOAGcR5DGJSrFyM4PPdt7MWp8X+NWOCWBLNIA=
github.com/vyberd/vyberpunk v0.0.0-20230508143025-c09acbe98718/go.mod h1:vKL3ejRv1kOWgBiI1xIkG6hQ76ld7boYZodJ0fxNTBI=
github.com/vyberd/vyberpunk v0.0.0-20230513051937-77623ffe4272 h1:ap+VCx6Is6y9KSB+P1TlTLJ2JCLPp91kNs128EBMYNk=
github.com/vyberd/vyberpunk v0.0.0-20230513051937-77623ffe4272/go.mod h1:2M2NltJ6fjWsmCnY1JydSe/40kYRvnNtbsQ05MezHLU=
github.com/vyberd/vyberpunk v0.0.0-20230513053801-126e8e516830 h1:ZAI3flwFhSaKc0k5Rg0EYEcDOvQS3man293Nmf6fiAQ=
github.com/vyberd/vyberpunk v0.0.0-20230513053801-126e8e516830/go.mod h1:/zqa4GNQzgLa66PfHg1+J8NfjPlfRf2iJatk8WPPfyc=
github.com/vyberd/vyberpunk v0.0.0-20230513064243-656e9a886225 h1:jSsEAWXFPjfE6DR0Ko4PXyq/LbsQ11GSSHb7veNNRms=
github.com/vyberd/vyberpunk v0.0.0-20230513064243-656e9a886225/go.mod h1:pPwhGjBL41zvjIO+anwr+uAoQe8+tJ7oNenEJwrPtLs=
github.com/vyberd/vyberpunk v0.0.0-20230513064913-ea639f531c55 h1:dpLaHyoCPipN0q0i/5ktOeFvUZX4bHseGhiG1f7OLyY=
github.com/vyberd/vyberpunk v0.0.0-20230513064913-ea639f531c55/go.mod h1:cmFOR7QH6ijbCsST/I51zjOVbc+RYnEAtr7Xv1tqS9M=
