github.com/gergovari/vyberpunk v0.0.0-20230328165840-1e51e93bf075 h1:Bsb0EOiB+dp6Lm0bySIxAZdVr/IUh9gU84Xd7V5OP/0=
github.com/gergovari/vyberpunk v0.0.0-20230328165840-1e51e93bf075/go.mod h1:opIEPs1vzAZprFQliEna08OJ0Bf1upEwyt8lruKHd4w=
github.com/gergovari/vyberpunk v0.0.0-20230330123057-e23be47551e0 h1:cHjsrZ6X6iWu7tVF7QwzBBgON9m/uGyaEC4SMVwEpPY=
github.com/gergovari/vyberpunk v0.0.0-20230330123057-e23be47551e0/go.mod h1:19EFcXwRJDoGGOx+yDvKkMbbpntpHIZsJUeN2SrNPCQ=
github.com/gergovari/vyberpunk v0.0.0-20230402133641-2954dc0f88c3 h1:Y0Q8/jzfpiyAVlPvUquG0WoLGtopV9gyUaLooo2XdJo=
github.com/gergovari/vyberpunk v0.0.0-20230402133641-2954dc0f88c3/go.mod h1:19EFcXwRJDoGGOx+yDvKkMbbpntpHIZsJUeN2SrNPCQ=
github.com/gergovari/vyberpunk v0.0.0-20230402144602-625a1547f48d h1:zVtVdD8KARBztyVgUP2PTekPOM8XLCCmCmewX3LtJ8o=
github.com/gergovari/vyberpunk v0.0.0-20230402144602-625a1547f48d/go.mod h1:19EFcXwRJDoGGOx+yDvKkMbbpntpHIZsJUeN2SrNPCQ=
github.com/gergovari/vyberpunk v0.0.0-20230402144824-4054316456af h1:3/CX41ugrOW6icTSK32qXMTRU/9wTTgSqq96V7aU/Yw=
github.com/gergovari/vyberpunk v0.0.0-20230402144824-4054316456af/go.mod h1:19EFcXwRJDoGGOx+yDvKkMbbpntpHIZsJUeN2SrNPCQ=
github.com/gergovari/vyberpunk v0.0.0-20230402155225-1d3ea4681880 h1:4ZTVZFcLdnQZ77/clBBFUt/fNLoRs/GjpTYqjSeTd1g=
github.com/gergovari/vyberpunk v0.0.0-20230402155225-1d3ea4681880/go.mod h1:19EFcXwRJDoGGOx+yDvKkMbbpntpHIZsJUeN2SrNPCQ=
github.com/gergovari/vyberpunk v0.0.0-20230402165642-a3c868c05783 h1:rL3rbjNTbNe45idyIkMNIGQQqWqu/X24pCQLT7hpv/o=
github.com/gergovari/vyberpunk v0.0.0-20230402165642-a3c868c05783/go.mod h1:19EFcXwRJDoGGOx+yDvKkMbbpntpHIZsJUeN2SrNPCQ=
github.com/gergovari/vyberpunk v0.0.0-20230404072940-e813457d8c4f h1:38T9N8g9U/pSVzXjPM59zuCpbpXjlNFuTeT7P3R1VfE=
github.com/gergovari/vyberpunk v0.0.0-20230404072940-e813457d8c4f/go.mod h1:19EFcXwRJDoGGOx+yDvKkMbbpntpHIZsJUeN2SrNPCQ=
github.com/gergovari/vyberpunk v0.0.0-20230404115339-540f9b013c1b h1:HtZ6BqxNVfZSojNQjjVANcz357jQCuX9ngj6MM2GOqI=
github.com/gergovari/vyberpunk v0.0.0-20230404115339-540f9b013c1b/go.mod h1:19EFcXwRJDoGGOx+yDvKkMbbpntpHIZsJUeN2SrNPCQ=
github.com/gergovari/vyberpunk v0.0.0-20230404154459-c5fb916e88e2 h1:5kPmB7jbw0s2VTYaqzM07F3dMsLYs3Dm1IUvpeJJl28=
github.com/gergovari/vyberpunk v0.0.0-20230404154459-c5fb916e88e2/go.mod h1:19EFcXwRJDoGGOx+yDvKkMbbpntpHIZsJUeN2SrNPCQ=
github.com/gergovari/vyberpunk v0.0.0-20230404155422-c4137419ffcb h1:B5tn4MVFiTcZRb6CImbW3QsqPNf3qkqFk8nsYkzJsYc=
github.com/gergovari/vyberpunk v0.0.0-20230404155422-c4137419ffcb/go.mod h1:19EFcXwRJDoGGOx+yDvKkMbbpntpHIZsJUeN2SrNPCQ=
github.com/gergovari/vyberpunk v0.0.0-20230404155713-9f4d5c2d1cc4 h1:icLODAeWJPKVfIjXqPm0nq9iazF88vQ4r44ni6uEZJU=
github.com/gergovari/vyberpunk v0.0.0-20230404155713-9f4d5c2d1cc4/go.mod h1:19EFcXwRJDoGGOx+yDvKkMbbpntpHIZsJUeN2SrNPCQ=
github.com/gergovari/vyberpunk v0.0.0-20230406081714-e5d824fb9d31 h1:ALiDZSLnCGTtx+EC/SJ2PdUulKIr6tILIBsUcuFHSIQ=
github.com/gergovari/vyberpunk v0.0.0-20230406081714-e5d824fb9d31/go.mod h1:19EFcXwRJDoGGOx+yDvKkMbbpntpHIZsJUeN2SrNPCQ=
github.com/gergovari/vyberpunk v0.0.0-20230407075716-7fae55bec88d h1:X1cfFLOVcpIlFfC+iyv6aFbt2+IL4ljPog6HpLd4jDE=
github.com/gergovari/vyberpunk v0.0.0-20230407075716-7fae55bec88d/go.mod h1:19EFcXwRJDoGGOx+yDvKkMbbpntpHIZsJUeN2SrNPCQ=
github.com/gergovari/vyberpunk v0.0.0-20230407102727-a04ef1d89de7 h1:4o3keDCxMz9cK4hXPmcWIFoH71rK/FvYRoiSYAWYTjU=
github.com/gergovari/vyberpunk v0.0.0-20230407102727-a04ef1d89de7/go.mod h1:19EFcXwRJDoGGOx+yDvKkMbbpntpHIZsJUeN2SrNPCQ=
github.com/gergovari/vyberpunk v0.0.0-20230407153827-18e96593449f h1:Vr3aCdNtMMAYXM4mWSxgu/EWpaDIAcqekbmsd0vP63A=
github.com/gergovari/vyberpunk v0.0.0-20230407153827-18e96593449f/go.mod h1:19EFcXwRJDoGGOx+yDvKkMbbpntpHIZsJUeN2SrNPCQ=
github.com/gergovari/vyberpunk v0.0.0-20230407160334-239c2d22bfaa h1:IqyAx5BcJiiuWvgN3j3fUHQqWsDO4mnf6SknfqZ+lHg=
github.com/gergovari/vyberpunk v0.0.0-20230407160334-239c2d22bfaa/go.mod h1:19EFcXwRJDoGGOx+yDvKkMbbpntpHIZsJUeN2SrNPCQ=
github.com/gergovari/vyberpunk v0.0.0-20230407161011-f8dbd0cafe38 h1:C38iDK1sJvEWTxeFxQogWeNXQL7KkyG1nthKku+g/YI=
github.com/gergovari/vyberpunk v0.0.0-20230407161011-f8dbd0cafe38/go.mod h1:19EFcXwRJDoGGOx+yDvKkMbbpntpHIZsJUeN2SrNPCQ=
github.com/gergovari/vyberpunk v0.0.0-20230407161201-a36e43a55996 h1:KD8qTLcfqoM8WCZe1KSvwiX5fobrTsHBChm1e9uoUO0=
github.com/gergovari/vyberpunk v0.0.0-20230407161201-a36e43a55996/go.mod h1:19EFcXwRJDoGGOx+yDvKkMbbpntpHIZsJUeN2SrNPCQ=
github.com/gergovari/vyberpunk v0.0.0-20230407162624-8226b67da1e1 h1:1CxpLSVOSChcwxmneL+eY8orbJ+Waaj1HHHF+h25Ryg=
github.com/gergovari/vyberpunk v0.0.0-20230407162624-8226b67da1e1/go.mod h1:19EFcXwRJDoGGOx+yDvKkMbbpntpHIZsJUeN2SrNPCQ=
github.com/gergovari/vyberpunk v0.0.0-20230407163141-793782abe525 h1:rTXZeyTD1ooCllBAB1eHQWSM2OB79KR/ZydTvadWZMc=
github.com/gergovari/vyberpunk v0.0.0-20230407163141-793782abe525/go.mod h1:19EFcXwRJDoGGOx+yDvKkMbbpntpHIZsJUeN2SrNPCQ=
github.com/gergovari/vyberpunk v0.0.0-20230407165824-38fe7289fdc1 h1:OoYRM2Owf4kuQ8eL7sVWU6PV69CB/02XRqz/amlMlIY=
github.com/gergovari/vyberpunk v0.0.0-20230407165824-38fe7289fdc1/go.mod h1:19EFcXwRJDoGGOx+yDvKkMbbpntpHIZsJUeN2SrNPCQ=
github.com/gergovari/vyberpunk v0.0.0-20230407170106-5400e7b1a20e h1:6hDVRB8891CCWpwl9svhSNXWbB/TsoPprp0nBqV7abo=
github.com/gergovari/vyberpunk v0.0.0-20230407170106-5400e7b1a20e/go.mod h1:19EFcXwRJDoGGOx+yDvKkMbbpntpHIZsJUeN2SrNPCQ=
github.com/gergovari/vyberpunk v0.0.0-20230408065023-0519bdf0ce88 h1:UDiXflQJvuqJA2V3iCHLgl5HMlTLOpaCQHWWOOU9O6w=
github.com/gergovari/vyberpunk v0.0.0-20230408065023-0519bdf0ce88/go.mod h1:19EFcXwRJDoGGOx+yDvKkMbbpntpHIZsJUeN2SrNPCQ=
github.com/gergovari/vyberpunk v0.0.0-20230408083908-44ceb74fea19 h1:EYMuQhnTd92OwiZsTyYfXng8pgqlMFMx3WGqKZqNNi8=
github.com/gergovari/vyberpunk v0.0.0-20230408083908-44ceb74fea19/go.mod h1:19EFcXwRJDoGGOx+yDvKkMbbpntpHIZsJUeN2SrNPCQ=
github.com/gergovari/vyberpunk v0.0.0-20230408091217-d898cffa08dc h1:tw0t2kC+9ZpdSYiMxBIVSFFOknNzm6Iq0V+e7u3GrR4=
github.com/gergovari/vyberpunk v0.0.0-20230408091217-d898cffa08dc/go.mod h1:19EFcXwRJDoGGOx+yDvKkMbbpntpHIZsJUeN2SrNPCQ=
github.com/gergovari/vyberpunk v0.0.0-20230408091414-ec63a827438e h1:TdzrHzJRRsrWrFkkbyOhKSrTSMn0YuEXiN6rjo1q2YQ=
github.com/gergovari/vyberpunk v0.0.0-20230408091414-ec63a827438e/go.mod h1:19EFcXwRJDoGGOx+yDvKkMbbpntpHIZsJUeN2SrNPCQ=
github.com/gergovari/vyberpunk v0.0.0-20230408095740-70cddf8eaae1 h1:A+AomGzzjG+ICvh9FTcxzl3uxBFN+iuJaQSEG+m5MOQ=
github.com/gergovari/vyberpunk v0.0.0-20230408095740-70cddf8eaae1/go.mod h1:19EFcXwRJDoGGOx+yDvKkMbbpntpHIZsJUeN2SrNPCQ=
github.com/gergovari/vyberpunk v0.0.0-20230409073951-06d7f2c5fe1f h1:VeS0/kKnEu41Q4Bn26zoSeH8GWpAqzs1MeRWc3fXGKA=
github.com/gergovari/vyberpunk v0.0.0-20230409073951-06d7f2c5fe1f/go.mod h1:19EFcXwRJDoGGOx+yDvKkMbbpntpHIZsJUeN2SrNPCQ=
github.com/gergovari/vyberpunk v0.0.0-20230410063802-12de9bd0aed2 h1:9sabD3uB6lEwg4FOoW9CDITwXOhwHoxyz9D2Yzt534Y=
github.com/gergovari/vyberpunk v0.0.0-20230410063802-12de9bd0aed2/go.mod h1:19EFcXwRJDoGGOx+yDvKkMbbpntpHIZsJUeN2SrNPCQ=
github.com/gergovari/vyberpunk v0.0.0-20230411120424-f5d55c555937 h1:a0zhbJjv8xXzGR0pT2+TWYqEWR3Es1eb2gtV+Mb6dkg=
github.com/gergovari/vyberpunk v0.0.0-20230411120424-f5d55c555937/go.mod h1:19EFcXwRJDoGGOx+yDvKkMbbpntpHIZsJUeN2SrNPCQ=
